
Microsoft Visual Studio Solution File, Format Version 12.00
# Visual Studio Version 17
VisualStudioVersion = 17.14.36429.23 d17.14
MinimumVisualStudioVersion = 10.0.40219.1
Project("{FAE04EC0-301F-11D3-BF4B-00C04F79EFBC}") = "bai15", "bai15\bai15.csproj", "{8B88DF96-47D8-4F48-8E99-85CB62AB2468}"
EndProject
Global
	GlobalSection(SolutionConfigurationPlatforms) = preSolution
		Debug|Any CPU = Debug|Any CPU
		Release|Any CPU = Release|Any CPU
	EndGlobalSection
	GlobalSection(ProjectConfigurationPlatforms) = postSolution
		{8B88DF96-47D8-4F48-8E99-85CB62AB2468}.Debug|Any CPU.ActiveCfg = Debug|Any CPU
		{8B88DF96-47D8-4F48-8E99-85CB62AB2468}.Debug|Any CPU.Build.0 = Debug|Any CPU
		{8B88DF96-47D8-4F48-8E99-85CB62AB2468}.Release|Any CPU.ActiveCfg = Release|Any CPU
		{8B88DF96-47D8-4F48-8E99-85CB62AB2468}.Release|Any CPU.Build.0 = Release|Any CPU
	EndGlobalSection
	GlobalSection(SolutionProperties) = preSolution
		HideSolutionNode = FALSE
	EndGlobalSection
	GlobalSection(ExtensibilityGlobals) = postSolution
		SolutionGuid = {3C7F490A-03B4-412A-BDD2-BE3700DD6CE8}
	EndGlobalSection
EndGlobal
